
Microsoft Visual Studio Solution File, Format Version 12.00
# Visual Studio Version 17
VisualStudioVersion = 17.14.36623.8 d17.14
MinimumVisualStudioVersion = 10.0.40219.1
Project("{FAE04EC0-301F-11D3-BF4B-00C04F79EFBC}") = "DataverseMappingRemover", "DataverseMappingRemover\DataverseMappingRemover.csproj", "{594928FF-9DA0-402E-A788-94618876DCD6}"
EndProject
Global
	GlobalSection(SolutionConfigurationPlatforms) = preSolution
		Debug|Any CPU = Debug|Any CPU
		Release|Any CPU = Release|Any CPU
	EndGlobalSection
	GlobalSection(ProjectConfigurationPlatforms) = postSolution
		{594928FF-9DA0-402E-A788-94618876DCD6}.Debug|Any CPU.ActiveCfg = Debug|Any CPU
		{594928FF-9DA0-402E-A788-94618876DCD6}.Debug|Any CPU.Build.0 = Debug|Any CPU
		{594928FF-9DA0-402E-A788-94618876DCD6}.Release|Any CPU.ActiveCfg = Release|Any CPU
		{594928FF-9DA0-402E-A788-94618876DCD6}.Release|Any CPU.Build.0 = Release|Any CPU
	EndGlobalSection
	GlobalSection(SolutionProperties) = preSolution
		HideSolutionNode = FALSE
	EndGlobalSection
	GlobalSection(ExtensibilityGlobals) = postSolution
		SolutionGuid = {F8053A2F-4B36-484B-ADE3-9D49DCA8DA49}
	EndGlobalSection
EndGlobal
